
Microsoft Visual Studio Solution File, Format Version 12.00
# Visual Studio Version 16
VisualStudioVersion = 16.0.30330.147
MinimumVisualStudioVersion = 10.0.40219.1
Project("{FAE04EC0-301F-11D3-BF4B-00C04F79EFBC}") = "CCO1.Winforms", "CCO1.Winforms\CCO1.Winforms.csproj", "{684C299E-030E-4461-B8C2-88B765357867}"
EndProject
Global
	GlobalSection(SolutionConfigurationPlatforms) = preSolution
		Debug|Any CPU = Debug|Any CPU
		Release|Any CPU = Release|Any CPU
	EndGlobalSection
	GlobalSection(ProjectConfigurationPlatforms) = postSolution
		{684C299E-030E-4461-B8C2-88B765357867}.Debug|Any CPU.ActiveCfg = Debug|Any CPU
		{684C299E-030E-4461-B8C2-88B765357867}.Debug|Any CPU.Build.0 = Debug|Any CPU
		{684C299E-030E-4461-B8C2-88B765357867}.Release|Any CPU.ActiveCfg = Release|Any CPU
		{684C299E-030E-4461-B8C2-88B765357867}.Release|Any CPU.Build.0 = Release|Any CPU
	EndGlobalSection
	GlobalSection(SolutionProperties) = preSolution
		HideSolutionNode = FALSE
	EndGlobalSection
	GlobalSection(ExtensibilityGlobals) = postSolution
		SolutionGuid = {DA9C720A-1BA9-45EE-B006-3AABAD1A67E6}
	EndGlobalSection
EndGlobal
